
Microsoft Visual Studio Solution File, Format Version 12.00
# Visual Studio Version 16
VisualStudioVersion = 16.0.29411.108
MinimumVisualStudioVersion = 10.0.40219.1
Project("{9A19103F-16F7-4668-BE54-9A1E7A4F7556}") = "userSupportWebApp", "userSupportWebApp\userSupportWebApp.csproj", "{4A1B0139-237F-46AD-9D0D-998FA700AED2}"
EndProject
Project("{2150E333-8FDC-42A3-9474-1A3956D46DE8}") = "Solution Items", "Solution Items", "{3675EB5A-B4F1-45FF-9F93-4F316600870C}"
	ProjectSection(SolutionItems) = preProject
		Code Standard.txt = Code Standard.txt
		readme.txt = readme.txt
	EndProjectSection
EndProject
Project("{9A19103F-16F7-4668-BE54-9A1E7A4F7556}") = "Aids", "Aids\Aids.csproj", "{85782DD5-AFFB-4DD7-9D26-D1257C3CB001}"
EndProject
Project("{9A19103F-16F7-4668-BE54-9A1E7A4F7556}") = "Core", "Core\Core.csproj", "{28EF7E94-81AE-408E-8821-629382F51B29}"
EndProject
Project("{9A19103F-16F7-4668-BE54-9A1E7A4F7556}") = "Data", "Data\Data.csproj", "{4E186F3B-0192-473B-8A75-1B17F11242F0}"
EndProject
Project("{9A19103F-16F7-4668-BE54-9A1E7A4F7556}") = "Domain", "Domain\Domain.csproj", "{C3458BF9-2C8F-4728-A365-1AC48A833923}"
EndProject
Project("{9A19103F-16F7-4668-BE54-9A1E7A4F7556}") = "Facade", "Facade\Facade.csproj", "{D3734A19-333B-4AF5-ACA4-D250A4B07BB7}"
EndProject
Project("{9A19103F-16F7-4668-BE54-9A1E7A4F7556}") = "Infra", "Infra\Infra.csproj", "{096FEF02-1F09-4D4F-83CC-EC166E10D3D3}"
EndProject
Project("{9A19103F-16F7-4668-BE54-9A1E7A4F7556}") = "Pages", "Pages\Pages.csproj", "{FDD8B680-09C1-4495-B033-37C7514452DA}"
EndProject
Project("{9A19103F-16F7-4668-BE54-9A1E7A4F7556}") = "Tests", "Tests\Tests.csproj", "{98672D0A-9631-4049-A918-01106ECB50C2}"
EndProject
Global
	GlobalSection(SolutionConfigurationPlatforms) = preSolution
		Debug|Any CPU = Debug|Any CPU
		Release|Any CPU = Release|Any CPU
	EndGlobalSection
	GlobalSection(ProjectConfigurationPlatforms) = postSolution
		{4A1B0139-237F-46AD-9D0D-998FA700AED2}.Debug|Any CPU.ActiveCfg = Debug|Any CPU
		{4A1B0139-237F-46AD-9D0D-998FA700AED2}.Debug|Any CPU.Build.0 = Debug|Any CPU
		{4A1B0139-237F-46AD-9D0D-998FA700AED2}.Release|Any CPU.ActiveCfg = Release|Any CPU
		{4A1B0139-237F-46AD-9D0D-998FA700AED2}.Release|Any CPU.Build.0 = Release|Any CPU
		{85782DD5-AFFB-4DD7-9D26-D1257C3CB001}.Debug|Any CPU.ActiveCfg = Debug|Any CPU
		{85782DD5-AFFB-4DD7-9D26-D1257C3CB001}.Debug|Any CPU.Build.0 = Debug|Any CPU
		{85782DD5-AFFB-4DD7-9D26-D1257C3CB001}.Release|Any CPU.ActiveCfg = Release|Any CPU
		{85782DD5-AFFB-4DD7-9D26-D1257C3CB001}.Release|Any CPU.Build.0 = Release|Any CPU
		{28EF7E94-81AE-408E-8821-629382F51B29}.Debug|Any CPU.ActiveCfg = Debug|Any CPU
		{28EF7E94-81AE-408E-8821-629382F51B29}.Debug|Any CPU.Build.0 = Debug|Any CPU
		{28EF7E94-81AE-408E-8821-629382F51B29}.Release|Any CPU.ActiveCfg = Release|Any CPU
		{28EF7E94-81AE-408E-8821-629382F51B29}.Release|Any CPU.Build.0 = Release|Any CPU
		{4E186F3B-0192-473B-8A75-1B17F11242F0}.Debug|Any CPU.ActiveCfg = Debug|Any CPU
		{4E186F3B-0192-473B-8A75-1B17F11242F0}.Debug|Any CPU.Build.0 = Debug|Any CPU
		{4E186F3B-0192-473B-8A75-1B17F11242F0}.Release|Any CPU.ActiveCfg = Release|Any CPU
		{4E186F3B-0192-473B-8A75-1B17F11242F0}.Release|Any CPU.Build.0 = Release|Any CPU
		{C3458BF9-2C8F-4728-A365-1AC48A833923}.Debug|Any CPU.ActiveCfg = Debug|Any CPU
		{C3458BF9-2C8F-4728-A365-1AC48A833923}.Debug|Any CPU.Build.0 = Debug|Any CPU
		{C3458BF9-2C8F-4728-A365-1AC48A833923}.Release|Any CPU.ActiveCfg = Release|Any CPU
		{C3458BF9-2C8F-4728-A365-1AC48A833923}.Release|Any CPU.Build.0 = Release|Any CPU
		{D3734A19-333B-4AF5-ACA4-D250A4B07BB7}.Debug|Any CPU.ActiveCfg = Debug|Any CPU
		{D3734A19-333B-4AF5-ACA4-D250A4B07BB7}.Debug|Any CPU.Build.0 = Debug|Any CPU
		{D3734A19-333B-4AF5-ACA4-D250A4B07BB7}.Release|Any CPU.ActiveCfg = Release|Any CPU
		{D3734A19-333B-4AF5-ACA4-D250A4B07BB7}.Release|Any CPU.Build.0 = Release|Any CPU
		{096FEF02-1F09-4D4F-83CC-EC166E10D3D3}.Debug|Any CPU.ActiveCfg = Debug|Any CPU
		{096FEF02-1F09-4D4F-83CC-EC166E10D3D3}.Debug|Any CPU.Build.0 = Debug|Any CPU
		{096FEF02-1F09-4D4F-83CC-EC166E10D3D3}.Release|Any CPU.ActiveCfg = Release|Any CPU
		{096FEF02-1F09-4D4F-83CC-EC166E10D3D3}.Release|Any CPU.Build.0 = Release|Any CPU
		{FDD8B680-09C1-4495-B033-37C7514452DA}.Debug|Any CPU.ActiveCfg = Debug|Any CPU
		{FDD8B680-09C1-4495-B033-37C7514452DA}.Debug|Any CPU.Build.0 = Debug|Any CPU
		{FDD8B680-09C1-4495-B033-37C7514452DA}.Release|Any CPU.ActiveCfg = Release|Any CPU
		{FDD8B680-09C1-4495-B033-37C7514452DA}.Release|Any CPU.Build.0 = Release|Any CPU
		{98672D0A-9631-4049-A918-01106ECB50C2}.Debug|Any CPU.ActiveCfg = Debug|Any CPU
		{98672D0A-9631-4049-A918-01106ECB50C2}.Debug|Any CPU.Build.0 = Debug|Any CPU
		{98672D0A-9631-4049-A918-01106ECB50C2}.Release|Any CPU.ActiveCfg = Release|Any CPU
		{98672D0A-9631-4049-A918-01106ECB50C2}.Release|Any CPU.Build.0 = Release|Any CPU
	EndGlobalSection
	GlobalSection(SolutionProperties) = preSolution
		HideSolutionNode = FALSE
	EndGlobalSection
	GlobalSection(ExtensibilityGlobals) = postSolution
		SolutionGuid = {CC1DD0AB-2C77-42A6-9A37-B55485D8AE74}
	EndGlobalSection
EndGlobal
